
Microsoft Visual Studio Solution File, Format Version 12.00
# Visual Studio Version 17
VisualStudioVersion = 17.0.31903.59
MinimumVisualStudioVersion = 10.0.40219.1
Project("{2150E333-8FDC-42A3-9474-1A3956D46DE8}") = "src", "src", "{3C376FDA-75B3-4B27-B2B3-BB2574A45611}"
EndProject
Project("{FAE04EC0-301F-11D3-BF4B-00C04F79EFBC}") = "FurnitureStore.WebApi", "src\FurnitureStore.WebApi\FurnitureStore.WebApi.csproj", "{121E656F-C04D-4673-8BCE-7A26E18D816C}"
EndProject
Project("{FAE04EC0-301F-11D3-BF4B-00C04F79EFBC}") = "FurnitureStore.Shared", "src\FurnitureStore.Shared\FurnitureStore.Shared.csproj", "{88DAD80D-61CB-4146-BC0C-1D1BE5007A4E}"
EndProject
Project("{FAE04EC0-301F-11D3-BF4B-00C04F79EFBC}") = "FurnitureStore.Data", "src\FurnitureStore.Data\FurnitureStore.Data.csproj", "{360B3A28-3188-4B76-8C53-829DC820F2E4}"
EndProject
Global
	GlobalSection(SolutionConfigurationPlatforms) = preSolution
		Debug|Any CPU = Debug|Any CPU
		Release|Any CPU = Release|Any CPU
	EndGlobalSection
	GlobalSection(SolutionProperties) = preSolution
		HideSolutionNode = FALSE
	EndGlobalSection
	GlobalSection(ProjectConfigurationPlatforms) = postSolution
		{121E656F-C04D-4673-8BCE-7A26E18D816C}.Debug|Any CPU.ActiveCfg = Debug|Any CPU
		{121E656F-C04D-4673-8BCE-7A26E18D816C}.Debug|Any CPU.Build.0 = Debug|Any CPU
		{121E656F-C04D-4673-8BCE-7A26E18D816C}.Release|Any CPU.ActiveCfg = Release|Any CPU
		{121E656F-C04D-4673-8BCE-7A26E18D816C}.Release|Any CPU.Build.0 = Release|Any CPU
		{88DAD80D-61CB-4146-BC0C-1D1BE5007A4E}.Debug|Any CPU.ActiveCfg = Debug|Any CPU
		{88DAD80D-61CB-4146-BC0C-1D1BE5007A4E}.Debug|Any CPU.Build.0 = Debug|Any CPU
		{88DAD80D-61CB-4146-BC0C-1D1BE5007A4E}.Release|Any CPU.ActiveCfg = Release|Any CPU
		{88DAD80D-61CB-4146-BC0C-1D1BE5007A4E}.Release|Any CPU.Build.0 = Release|Any CPU
		{360B3A28-3188-4B76-8C53-829DC820F2E4}.Debug|Any CPU.ActiveCfg = Debug|Any CPU
		{360B3A28-3188-4B76-8C53-829DC820F2E4}.Debug|Any CPU.Build.0 = Debug|Any CPU
		{360B3A28-3188-4B76-8C53-829DC820F2E4}.Release|Any CPU.ActiveCfg = Release|Any CPU
		{360B3A28-3188-4B76-8C53-829DC820F2E4}.Release|Any CPU.Build.0 = Release|Any CPU
	EndGlobalSection
	GlobalSection(NestedProjects) = preSolution
		{121E656F-C04D-4673-8BCE-7A26E18D816C} = {3C376FDA-75B3-4B27-B2B3-BB2574A45611}
		{88DAD80D-61CB-4146-BC0C-1D1BE5007A4E} = {3C376FDA-75B3-4B27-B2B3-BB2574A45611}
		{360B3A28-3188-4B76-8C53-829DC820F2E4} = {3C376FDA-75B3-4B27-B2B3-BB2574A45611}
	EndGlobalSection
EndGlobal
